
Microsoft Visual Studio Solution File, Format Version 12.00
# Visual Studio Version 17
VisualStudioVersion = 17.3.32929.385
MinimumVisualStudioVersion = 10.0.40219.1
Project("{2150E333-8FDC-42A3-9474-1A3956D46DE8}") = "src", "src", "{0D61B11A-A979-4E7C-83D0-8DCE28F459D9}"
EndProject
Project("{2150E333-8FDC-42A3-9474-1A3956D46DE8}") = "Api", "Api", "{8050BB77-96DD-4C4A-A364-8D6E2F640BC4}"
EndProject
Project("{2150E333-8FDC-42A3-9474-1A3956D46DE8}") = "Clients", "Clients", "{F5243175-38ED-416F-8B98-395CE31E88E6}"
EndProject
Project("{2150E333-8FDC-42A3-9474-1A3956D46DE8}") = "Common", "Common", "{2EDACFF5-D115-48FB-A218-E94E0330AD81}"
EndProject
Project("{2150E333-8FDC-42A3-9474-1A3956D46DE8}") = "Projections", "Projections", "{50CB7459-8AA3-4A98-A3C3-8A21CAECD215}"
EndProject
Project("{2150E333-8FDC-42A3-9474-1A3956D46DE8}") = "Core", "Core", "{4C1CC690-D3AD-4D37-803D-98FCB4A28969}"
EndProject
Project("{2150E333-8FDC-42A3-9474-1A3956D46DE8}") = "Infrastructure", "Infrastructure", "{FB465881-A024-472D-8285-A0375C1313A3}"
EndProject
Project("{2150E333-8FDC-42A3-9474-1A3956D46DE8}") = "WebApi", "WebApi", "{725A69E6-0C58-40BA-8367-83E2C7A2BF23}"
EndProject
Project("{FAE04EC0-301F-11D3-BF4B-00C04F79EFBC}") = "NoteKeeperSystem.Api.Application", "src\Api\Core\NoteKeeperSystem.Api.Application\NoteKeeperSystem.Api.Application.csproj", "{CA5BE214-8FB9-4774-98CA-73646B4A63E6}"
EndProject
Project("{FAE04EC0-301F-11D3-BF4B-00C04F79EFBC}") = "NoteKeeperSystem.Api.Domain", "src\Api\Core\NoteKeeperSystem.Api.Domain\NoteKeeperSystem.Api.Domain.csproj", "{16E07B21-13BF-457D-BCDA-BCCF9D9F7FE4}"
EndProject
Project("{FAE04EC0-301F-11D3-BF4B-00C04F79EFBC}") = "NoteKeeperSystem.Infrastructure.Persistence", "src\Api\Infrastructure\NoteKeeperSystem.Infrastructure.Persistence\NoteKeeperSystem.Infrastructure.Persistence.csproj", "{2CA761C6-2794-47A6-B37A-7BAF9A1C6D7D}"
EndProject
Project("{FAE04EC0-301F-11D3-BF4B-00C04F79EFBC}") = "NoteKeeperSystem.Api.WebApi", "src\Api\WebApi\NoteKeeperSystem.Api.WebApi\NoteKeeperSystem.Api.WebApi.csproj", "{9AFB03BE-68CA-40E4-87DB-7BBB3D024FC6}"
EndProject
Project("{FAE04EC0-301F-11D3-BF4B-00C04F79EFBC}") = "NoteKeeperSystem.Common", "src\Common\NoteKeeperSystem.Common\NoteKeeperSystem.Common.csproj", "{65D4DAE2-E649-4667-85C6-CDA68053685F}"
EndProject
Project("{FAE04EC0-301F-11D3-BF4B-00C04F79EFBC}") = "NoteKeeperSystem.BlazorWebAssemblyApp", "src\Clients\BlazorWebAssemblyApp\NoteKeeperSystem.BlazorWebAssemblyApp\NoteKeeperSystem.BlazorWebAssemblyApp.csproj", "{FA276956-729C-46BC-9F5B-6C31EF11B7CB}"
EndProject
Project("{2150E333-8FDC-42A3-9474-1A3956D46DE8}") = "BlazorWebAssemblyApp", "BlazorWebAssemblyApp", "{6A2707C9-03BE-461C-9F8B-7810D5E0CBA9}"
EndProject
Global
	GlobalSection(SolutionConfigurationPlatforms) = preSolution
		Debug|Any CPU = Debug|Any CPU
		Release|Any CPU = Release|Any CPU
	EndGlobalSection
	GlobalSection(ProjectConfigurationPlatforms) = postSolution
		{CA5BE214-8FB9-4774-98CA-73646B4A63E6}.Debug|Any CPU.ActiveCfg = Debug|Any CPU
		{CA5BE214-8FB9-4774-98CA-73646B4A63E6}.Debug|Any CPU.Build.0 = Debug|Any CPU
		{CA5BE214-8FB9-4774-98CA-73646B4A63E6}.Release|Any CPU.ActiveCfg = Release|Any CPU
		{CA5BE214-8FB9-4774-98CA-73646B4A63E6}.Release|Any CPU.Build.0 = Release|Any CPU
		{16E07B21-13BF-457D-BCDA-BCCF9D9F7FE4}.Debug|Any CPU.ActiveCfg = Debug|Any CPU
		{16E07B21-13BF-457D-BCDA-BCCF9D9F7FE4}.Debug|Any CPU.Build.0 = Debug|Any CPU
		{16E07B21-13BF-457D-BCDA-BCCF9D9F7FE4}.Release|Any CPU.ActiveCfg = Release|Any CPU
		{16E07B21-13BF-457D-BCDA-BCCF9D9F7FE4}.Release|Any CPU.Build.0 = Release|Any CPU
		{2CA761C6-2794-47A6-B37A-7BAF9A1C6D7D}.Debug|Any CPU.ActiveCfg = Debug|Any CPU
		{2CA761C6-2794-47A6-B37A-7BAF9A1C6D7D}.Debug|Any CPU.Build.0 = Debug|Any CPU
		{2CA761C6-2794-47A6-B37A-7BAF9A1C6D7D}.Release|Any CPU.ActiveCfg = Release|Any CPU
		{2CA761C6-2794-47A6-B37A-7BAF9A1C6D7D}.Release|Any CPU.Build.0 = Release|Any CPU
		{9AFB03BE-68CA-40E4-87DB-7BBB3D024FC6}.Debug|Any CPU.ActiveCfg = Debug|Any CPU
		{9AFB03BE-68CA-40E4-87DB-7BBB3D024FC6}.Debug|Any CPU.Build.0 = Debug|Any CPU
		{9AFB03BE-68CA-40E4-87DB-7BBB3D024FC6}.Release|Any CPU.ActiveCfg = Release|Any CPU
		{9AFB03BE-68CA-40E4-87DB-7BBB3D024FC6}.Release|Any CPU.Build.0 = Release|Any CPU
		{65D4DAE2-E649-4667-85C6-CDA68053685F}.Debug|Any CPU.ActiveCfg = Debug|Any CPU
		{65D4DAE2-E649-4667-85C6-CDA68053685F}.Debug|Any CPU.Build.0 = Debug|Any CPU
		{65D4DAE2-E649-4667-85C6-CDA68053685F}.Release|Any CPU.ActiveCfg = Release|Any CPU
		{65D4DAE2-E649-4667-85C6-CDA68053685F}.Release|Any CPU.Build.0 = Release|Any CPU
		{FA276956-729C-46BC-9F5B-6C31EF11B7CB}.Debug|Any CPU.ActiveCfg = Debug|Any CPU
		{FA276956-729C-46BC-9F5B-6C31EF11B7CB}.Debug|Any CPU.Build.0 = Debug|Any CPU
		{FA276956-729C-46BC-9F5B-6C31EF11B7CB}.Release|Any CPU.ActiveCfg = Release|Any CPU
		{FA276956-729C-46BC-9F5B-6C31EF11B7CB}.Release|Any CPU.Build.0 = Release|Any CPU
	EndGlobalSection
	GlobalSection(SolutionProperties) = preSolution
		HideSolutionNode = FALSE
	EndGlobalSection
	GlobalSection(NestedProjects) = preSolution
		{8050BB77-96DD-4C4A-A364-8D6E2F640BC4} = {0D61B11A-A979-4E7C-83D0-8DCE28F459D9}
		{F5243175-38ED-416F-8B98-395CE31E88E6} = {0D61B11A-A979-4E7C-83D0-8DCE28F459D9}
		{2EDACFF5-D115-48FB-A218-E94E0330AD81} = {0D61B11A-A979-4E7C-83D0-8DCE28F459D9}
		{50CB7459-8AA3-4A98-A3C3-8A21CAECD215} = {0D61B11A-A979-4E7C-83D0-8DCE28F459D9}
		{4C1CC690-D3AD-4D37-803D-98FCB4A28969} = {8050BB77-96DD-4C4A-A364-8D6E2F640BC4}
		{FB465881-A024-472D-8285-A0375C1313A3} = {8050BB77-96DD-4C4A-A364-8D6E2F640BC4}
		{725A69E6-0C58-40BA-8367-83E2C7A2BF23} = {8050BB77-96DD-4C4A-A364-8D6E2F640BC4}
		{CA5BE214-8FB9-4774-98CA-73646B4A63E6} = {4C1CC690-D3AD-4D37-803D-98FCB4A28969}
		{16E07B21-13BF-457D-BCDA-BCCF9D9F7FE4} = {4C1CC690-D3AD-4D37-803D-98FCB4A28969}
		{2CA761C6-2794-47A6-B37A-7BAF9A1C6D7D} = {FB465881-A024-472D-8285-A0375C1313A3}
		{9AFB03BE-68CA-40E4-87DB-7BBB3D024FC6} = {725A69E6-0C58-40BA-8367-83E2C7A2BF23}
		{65D4DAE2-E649-4667-85C6-CDA68053685F} = {2EDACFF5-D115-48FB-A218-E94E0330AD81}
		{FA276956-729C-46BC-9F5B-6C31EF11B7CB} = {6A2707C9-03BE-461C-9F8B-7810D5E0CBA9}
		{6A2707C9-03BE-461C-9F8B-7810D5E0CBA9} = {F5243175-38ED-416F-8B98-395CE31E88E6}
	EndGlobalSection
	GlobalSection(ExtensibilityGlobals) = postSolution
		SolutionGuid = {A82F39C7-0687-47CD-9310-12F600D1237B}
	EndGlobalSection
EndGlobal
